# Prisma Migrate lockfile v1

20201114085528-init
20201118023138-add-friend-updated-at
20201128073821-add-user-status
20201128074831-can-access-back-office
20201128095800-update-user-profile
20201128101145-remove-their-kids
20201128101202-add-new-their-kids
20201202141718-add-text-color-in-question-and-answer
20201202142205-add-gradient-in-question-and-answer
20201202142933-sort-user-images
20201202145511-optional-image-in-user-image
20201204024520-change-looking-for-to-many
20201223153432-add-like-dislike-count
20201226140900-add-index-in-hobby-value
20210118160734-add-read-friend-request
20210119164038-refactor-post
20210126153658-add-limit-super-like
20210131235226-add-post-like
20210203151452-add-color-in-post-category
20210208064956-add-is-incognito-in-comment